
Microsoft Visual Studio Solution File, Format Version 12.00
# Visual Studio Version 17
VisualStudioVersion = 17.3.32922.545
MinimumVisualStudioVersion = 10.0.40219.1
Project("{FAE04EC0-301F-11D3-BF4B-00C04F79EFBC}") = "Server", "Server\Server.csproj", "{8D70B01D-3CDC-4CE3-BA95-DAF1C29860CE}"
EndProject
Project("{FAE04EC0-301F-11D3-BF4B-00C04F79EFBC}") = "Client", "Client\Client.csproj", "{BDBD7B51-8C60-45EB-8DB2-511B53FE8BC0}"
EndProject
Project("{FAE04EC0-301F-11D3-BF4B-00C04F79EFBC}") = "BaseClassLibraty", "BaseClassLibraty\BaseClassLibraty.csproj", "{D1756ADF-3A36-432A-9875-78041E62F50A}"
EndProject
Project("{FAE04EC0-301F-11D3-BF4B-00C04F79EFBC}") = "ClientLibrary", "ClientLibrary\ClientLibrary.csproj", "{3168CFF6-AD19-4DEE-B5B8-3A1811DD8275}"
EndProject
Project("{FAE04EC0-301F-11D3-BF4B-00C04F79EFBC}") = "ServerLibrary", "ServerLibrary\ServerLibrary.csproj", "{DC06C1A0-EFCF-4BF5-A7D7-BE747E083A6A}"
EndProject
Global
	GlobalSection(SolutionConfigurationPlatforms) = preSolution
		Debug|Any CPU = Debug|Any CPU
		Release|Any CPU = Release|Any CPU
	EndGlobalSection
	GlobalSection(ProjectConfigurationPlatforms) = postSolution
		{8D70B01D-3CDC-4CE3-BA95-DAF1C29860CE}.Debug|Any CPU.ActiveCfg = Debug|Any CPU
		{8D70B01D-3CDC-4CE3-BA95-DAF1C29860CE}.Debug|Any CPU.Build.0 = Debug|Any CPU
		{8D70B01D-3CDC-4CE3-BA95-DAF1C29860CE}.Release|Any CPU.ActiveCfg = Release|Any CPU
		{8D70B01D-3CDC-4CE3-BA95-DAF1C29860CE}.Release|Any CPU.Build.0 = Release|Any CPU
		{BDBD7B51-8C60-45EB-8DB2-511B53FE8BC0}.Debug|Any CPU.ActiveCfg = Debug|Any CPU
		{BDBD7B51-8C60-45EB-8DB2-511B53FE8BC0}.Debug|Any CPU.Build.0 = Debug|Any CPU
		{BDBD7B51-8C60-45EB-8DB2-511B53FE8BC0}.Release|Any CPU.ActiveCfg = Release|Any CPU
		{BDBD7B51-8C60-45EB-8DB2-511B53FE8BC0}.Release|Any CPU.Build.0 = Release|Any CPU
		{D1756ADF-3A36-432A-9875-78041E62F50A}.Debug|Any CPU.ActiveCfg = Debug|Any CPU
		{D1756ADF-3A36-432A-9875-78041E62F50A}.Debug|Any CPU.Build.0 = Debug|Any CPU
		{D1756ADF-3A36-432A-9875-78041E62F50A}.Release|Any CPU.ActiveCfg = Release|Any CPU
		{D1756ADF-3A36-432A-9875-78041E62F50A}.Release|Any CPU.Build.0 = Release|Any CPU
		{3168CFF6-AD19-4DEE-B5B8-3A1811DD8275}.Debug|Any CPU.ActiveCfg = Debug|Any CPU
		{3168CFF6-AD19-4DEE-B5B8-3A1811DD8275}.Debug|Any CPU.Build.0 = Debug|Any CPU
		{3168CFF6-AD19-4DEE-B5B8-3A1811DD8275}.Release|Any CPU.ActiveCfg = Release|Any CPU
		{3168CFF6-AD19-4DEE-B5B8-3A1811DD8275}.Release|Any CPU.Build.0 = Release|Any CPU
		{DC06C1A0-EFCF-4BF5-A7D7-BE747E083A6A}.Debug|Any CPU.ActiveCfg = Debug|Any CPU
		{DC06C1A0-EFCF-4BF5-A7D7-BE747E083A6A}.Debug|Any CPU.Build.0 = Debug|Any CPU
		{DC06C1A0-EFCF-4BF5-A7D7-BE747E083A6A}.Release|Any CPU.ActiveCfg = Release|Any CPU
		{DC06C1A0-EFCF-4BF5-A7D7-BE747E083A6A}.Release|Any CPU.Build.0 = Release|Any CPU
	EndGlobalSection
	GlobalSection(SolutionProperties) = preSolution
		HideSolutionNode = FALSE
	EndGlobalSection
	GlobalSection(ExtensibilityGlobals) = postSolution
		SolutionGuid = {A31C85FB-59A8-4606-A377-DBF58DB6C628}
	EndGlobalSection
EndGlobal
